{
  "requires": true,
  "lockfileVersion": 1,
  "dependencies": {
    "async": {
      "version": "0.2.9",
      "resolved": "https://registry.npmjs.org/async/-/async-0.2.9.tgz",
      "integrity": "sha1-32MGD789Myhqdqr21Vophtn/hhk="
    },
    "express-load": {
      "version": "1.1.16",
      "resolved": "https://registry.npmjs.org/express-load/-/express-load-1.1.16.tgz",
      "integrity": "sha512-R+HNkLZMbUCJQ42VPx4sGbs/a0Xv//XUNRft2WqgBz7+6qL8QyTsqBdwPh3h33lxFFrwHKfF4Wn65sDg8POiHA==",
      "requires": {
        "async": "0.2.9"
      }
    }
  }
}
